
Microsoft Visual Studio Solution File, Format Version 12.00
# Visual Studio 15
Project("{FAE04EC0-301F-11D3-BF4B-00C04F79EFBC}") = "Oculus.Interaction.Editor", "Oculus.Interaction.Editor.csproj", "{C682205C-A0BF-6AEC-A566-D16D4F73E74D}"
EndProject
Project("{FAE04EC0-301F-11D3-BF4B-00C04F79EFBC}") = "Meta.WitAi.Conduit", "Meta.WitAi.Conduit.csproj", "{07607A2A-EA93-0B17-570F-989E25935999}"
EndProject
Project("{FAE04EC0-301F-11D3-BF4B-00C04F79EFBC}") = "Oculus.VR", "Oculus.VR.csproj", "{593D6544-BA5B-215B-E4B3-0C3420F085AB}"
EndProject
Project("{FAE04EC0-301F-11D3-BF4B-00C04F79EFBC}") = "Oculus.Interaction", "Oculus.Interaction.csproj", "{5A75EC70-5DDA-A1DF-76FC-FE572381238B}"
EndProject
Project("{FAE04EC0-301F-11D3-BF4B-00C04F79EFBC}") = "Meta.Voice.Samples.ShapesConduit", "Meta.Voice.Samples.ShapesConduit.csproj", "{1D1E1D1E-B5C0-845A-FC50-FB72CB200A0A}"
EndProject
Project("{FAE04EC0-301F-11D3-BF4B-00C04F79EFBC}") = "Assembly-CSharp-firstpass", "Assembly-CSharp-firstpass.csproj", "{3F5232A3-30FB-E7AF-EED8-2DD7C6625B48}"
EndProject
Project("{FAE04EC0-301F-11D3-BF4B-00C04F79EFBC}") = "Meta.WitAi.Editor", "Meta.WitAi.Editor.csproj", "{18943EF1-66CA-3BF8-50FC-C00C5F8F5E85}"
EndProject
Project("{FAE04EC0-301F-11D3-BF4B-00C04F79EFBC}") = "Oculus.Platform", "Oculus.Platform.csproj", "{C32C69F8-ADC5-9AB1-F406-F70420AC718C}"
EndProject
Project("{FAE04EC0-301F-11D3-BF4B-00C04F79EFBC}") = "VoiceSDK.Telemetry", "VoiceSDK.Telemetry.csproj", "{3FD0D39E-2D10-50D7-34CA-47966B11139E}"
EndProject
Project("{FAE04EC0-301F-11D3-BF4B-00C04F79EFBC}") = "Meta.WitAi.Conduit.Editor", "Meta.WitAi.Conduit.Editor.csproj", "{FEBEEE69-5720-67D4-67B8-210A16EF203E}"
EndProject
Project("{FAE04EC0-301F-11D3-BF4B-00C04F79EFBC}") = "Meta.WitAi", "Meta.WitAi.csproj", "{1E5BBFD9-4447-E9D2-E071-051A523C36EC}"
EndProject
Project("{FAE04EC0-301F-11D3-BF4B-00C04F79EFBC}") = "Oculus.Interaction.OVR.Samples", "Oculus.Interaction.OVR.Samples.csproj", "{AEDF1CC5-3107-34C1-FE31-A0083987F2B0}"
EndProject
Project("{FAE04EC0-301F-11D3-BF4B-00C04F79EFBC}") = "Assembly-CSharp", "Assembly-CSharp.csproj", "{6D8F2EB2-66B6-8345-5738-F902DD577419}"
EndProject
Project("{FAE04EC0-301F-11D3-BF4B-00C04F79EFBC}") = "Assembly-CSharp-Editor-firstpass", "Assembly-CSharp-Editor-firstpass.csproj", "{E029D4F0-2EC5-6F3B-171F-808F8E85DD31}"
EndProject
Project("{FAE04EC0-301F-11D3-BF4B-00C04F79EFBC}") = "Meta.WitAi.Lib", "Meta.WitAi.Lib.csproj", "{5369A078-2230-B737-FF15-444FF8532671}"
EndProject
Project("{FAE04EC0-301F-11D3-BF4B-00C04F79EFBC}") = "Oculus.VR.Editor", "Oculus.VR.Editor.csproj", "{FEC886E7-E64E-E7B2-AE9E-D1A29236E4D3}"
EndProject
Project("{FAE04EC0-301F-11D3-BF4B-00C04F79EFBC}") = "Meta.Voice.Hub.Runtime", "Meta.Voice.Hub.Runtime.csproj", "{3579A39E-F193-C644-D733-3A2EC907B69E}"
EndProject
Project("{FAE04EC0-301F-11D3-BF4B-00C04F79EFBC}") = "VoiceSDK.Dictation.Runtime", "VoiceSDK.Dictation.Runtime.csproj", "{3D9A6392-6366-8BB4-8C39-2A9D7418CF17}"
EndProject
Project("{FAE04EC0-301F-11D3-BF4B-00C04F79EFBC}") = "Oculus.LipSync", "Oculus.LipSync.csproj", "{D087B3EE-39FA-0C3B-BC33-9B72EC3DCC4B}"
EndProject
Project("{FAE04EC0-301F-11D3-BF4B-00C04F79EFBC}") = "Oculus.Interaction.OVR", "Oculus.Interaction.OVR.csproj", "{D1A111E9-D65B-A798-35DF-A70C82CF7A20}"
EndProject
Project("{FAE04EC0-301F-11D3-BF4B-00C04F79EFBC}") = "Meta.Voice.Hub.Editor", "Meta.Voice.Hub.Editor.csproj", "{98F040A4-397A-9739-161B-4E370A40F922}"
EndProject
Project("{FAE04EC0-301F-11D3-BF4B-00C04F79EFBC}") = "VoiceSDK.Editor", "VoiceSDK.Editor.csproj", "{01A23107-9517-CDE9-0373-2BB771986FA6}"
EndProject
Project("{FAE04EC0-301F-11D3-BF4B-00C04F79EFBC}") = "Meta.WitAI.Lib.Editor", "Meta.WitAI.Lib.Editor.csproj", "{B7D0D6E1-97D6-D315-94B5-72DF45ED2CA8}"
EndProject
Project("{FAE04EC0-301F-11D3-BF4B-00C04F79EFBC}") = "Oculus.Spatializer.Editor", "Oculus.Spatializer.Editor.csproj", "{DEEDADD0-9E2A-FCF0-1062-9804B0781842}"
EndProject
Project("{FAE04EC0-301F-11D3-BF4B-00C04F79EFBC}") = "Oculus.AudioManager", "Oculus.AudioManager.csproj", "{373C09AF-2AEE-FD06-FFB1-2C9236D39AC8}"
EndProject
Project("{FAE04EC0-301F-11D3-BF4B-00C04F79EFBC}") = "AssistantCoreSDKRuntime", "AssistantCoreSDKRuntime.csproj", "{8D6362D5-D8DA-4692-4D09-09C41CD14D19}"
EndProject
Project("{FAE04EC0-301F-11D3-BF4B-00C04F79EFBC}") = "VoiceSDK.Runtime", "VoiceSDK.Runtime.csproj", "{28DA98B4-9B95-F272-28A4-F5B0267560BB}"
EndProject
Project("{FAE04EC0-301F-11D3-BF4B-00C04F79EFBC}") = "Facebook.Wit.Dictation", "Facebook.Wit.Dictation.csproj", "{D69EE77D-BD64-FE3A-0F38-E83F90C82B20}"
EndProject
Project("{FAE04EC0-301F-11D3-BF4B-00C04F79EFBC}") = "Meta.Voice.Samples.BuiltInTimer", "Meta.Voice.Samples.BuiltInTimer.csproj", "{EC1D0852-572C-DCA3-BDFF-ECF870A6C8E2}"
EndProject
Project("{FAE04EC0-301F-11D3-BF4B-00C04F79EFBC}") = "Oculus.Platform.Editor", "Oculus.Platform.Editor.csproj", "{EC20DC75-0AD9-9ABC-E322-FF67F3DBD788}"
EndProject
Project("{FAE04EC0-301F-11D3-BF4B-00C04F79EFBC}") = "Meta.Voice.Samples.TTSVoices", "Meta.Voice.Samples.TTSVoices.csproj", "{7B029C5A-E66B-4B9C-B580-992186DF58ED}"
EndProject
Project("{FAE04EC0-301F-11D3-BF4B-00C04F79EFBC}") = "Meta.Voice.VSDKHub.Editor", "Meta.Voice.VSDKHub.Editor.csproj", "{5B999C5B-8DCE-161A-664A-71823EDC111A}"
EndProject
Project("{FAE04EC0-301F-11D3-BF4B-00C04F79EFBC}") = "Meta.WitAi.TTS", "Meta.WitAi.TTS.csproj", "{F1C7DBC0-194A-D831-A04E-086A00A9F3F8}"
EndProject
Project("{FAE04EC0-301F-11D3-BF4B-00C04F79EFBC}") = "Oculus.AudioManager.Audio.Editor", "Oculus.AudioManager.Audio.Editor.csproj", "{D0A9649A-8AFD-9C90-71B4-4E98D736643D}"
EndProject
Project("{FAE04EC0-301F-11D3-BF4B-00C04F79EFBC}") = "Assembly-CSharp-Editor", "Assembly-CSharp-Editor.csproj", "{98ECEC8D-4E4D-A159-B5DB-4BCCBFD4CF75}"
EndProject
Project("{FAE04EC0-301F-11D3-BF4B-00C04F79EFBC}") = "Meta.Voice.Samples.Chess", "Meta.Voice.Samples.Chess.csproj", "{86086938-ECA8-87F1-50BC-EFAAF3FE0D80}"
EndProject
Project("{FAE04EC0-301F-11D3-BF4B-00C04F79EFBC}") = "Oculus.VR.Scripts.Editor", "Oculus.VR.Scripts.Editor.csproj", "{9CA40084-E2E6-491B-45D2-F4E4484003AD}"
EndProject
Project("{FAE04EC0-301F-11D3-BF4B-00C04F79EFBC}") = "Meta.Voice.Samples.LightTraits", "Meta.Voice.Samples.LightTraits.csproj", "{AEA7E5AB-6B39-D6A3-C62F-67D4F1756473}"
EndProject
Project("{FAE04EC0-301F-11D3-BF4B-00C04F79EFBC}") = "Meta.Voice.Samples.Dictation", "Meta.Voice.Samples.Dictation.csproj", "{9F583AFA-8B03-AC50-015A-BB7A9C6B8F3B}"
EndProject
Project("{FAE04EC0-301F-11D3-BF4B-00C04F79EFBC}") = "Meta.Voice.Samples.Shapes", "Meta.Voice.Samples.Shapes.csproj", "{954550E9-502A-CD81-C5C8-88C2043CB38F}"
EndProject
Project("{FAE04EC0-301F-11D3-BF4B-00C04F79EFBC}") = "Oculus.Interaction.Samples.Editor", "Oculus.Interaction.Samples.Editor.csproj", "{6D887E21-FF7F-0C74-0AC8-4089699B27D7}"
EndProject
Project("{FAE04EC0-301F-11D3-BF4B-00C04F79EFBC}") = "Meta.WitAi.TTS.Editor", "Meta.WitAi.TTS.Editor.csproj", "{372899AD-5F7B-3ACF-17DA-A0C04083F34B}"
EndProject
Project("{FAE04EC0-301F-11D3-BF4B-00C04F79EFBC}") = "Oculus.Interaction.OVR.Editor", "Oculus.Interaction.OVR.Editor.csproj", "{B971132D-0A95-C1E0-F001-03CED9625A7C}"
EndProject
Project("{FAE04EC0-301F-11D3-BF4B-00C04F79EFBC}") = "Oculus.Spatializer", "Oculus.Spatializer.csproj", "{28343213-BB87-40EC-5214-70FB5E79C085}"
EndProject
Project("{FAE04EC0-301F-11D3-BF4B-00C04F79EFBC}") = "Oculus.LipSync.Editor", "Oculus.LipSync.Editor.csproj", "{7D28CE2F-B21F-B70D-2933-C0B83EF7CFED}"
EndProject
Project("{FAE04EC0-301F-11D3-BF4B-00C04F79EFBC}") = "Oculus.AudioManager.Utils.Editor", "Oculus.AudioManager.Utils.Editor.csproj", "{56602A69-9156-3660-B079-B95AE1AB8433}"
EndProject
Project("{FAE04EC0-301F-11D3-BF4B-00C04F79EFBC}") = "Meta.VoiceSDK.Mic.Common", "Meta.VoiceSDK.Mic.Common.csproj", "{615B8DF0-924C-5EF9-485D-3C70AFEBF0C8}"
EndProject
Project("{FAE04EC0-301F-11D3-BF4B-00C04F79EFBC}") = "VoiceSDK.Dictation.Editor", "VoiceSDK.Dictation.Editor.csproj", "{E931DC74-7B0D-61D8-66F2-3DCF24F406DB}"
EndProject
Project("{FAE04EC0-301F-11D3-BF4B-00C04F79EFBC}") = "Meta.VoiceSDK.Mic.Other", "Meta.VoiceSDK.Mic.Other.csproj", "{5A7C33E8-0B8F-DCDC-58AE-8636536A98A2}"
EndProject
Project("{FAE04EC0-301F-11D3-BF4B-00C04F79EFBC}") = "AssistantCoreSDKEditor", "AssistantCoreSDKEditor.csproj", "{316982F3-72C4-3774-A5B4-F9DED6DC3A22}"
EndProject
Project("{FAE04EC0-301F-11D3-BF4B-00C04F79EFBC}") = "Oculus.Interaction.InterfaceSupport", "Oculus.Interaction.InterfaceSupport.csproj", "{F52418E9-2EDE-4289-4EE8-BA2F8C690257}"
EndProject
Project("{FAE04EC0-301F-11D3-BF4B-00C04F79EFBC}") = "Meta.Voice.Samples.LiveUnderstanding", "Meta.Voice.Samples.LiveUnderstanding.csproj", "{F90B0D75-7136-A28B-D7E7-7302895A11DF}"
EndProject
Project("{FAE04EC0-301F-11D3-BF4B-00C04F79EFBC}") = "Facebook.Wit.Dictation.Editor", "Facebook.Wit.Dictation.Editor.csproj", "{11C300E9-2243-ACB4-B507-FF9B6ECA0533}"
EndProject
Project("{FAE04EC0-301F-11D3-BF4B-00C04F79EFBC}") = "Meta.VoiceSDK.Mic.WebGL", "Meta.VoiceSDK.Mic.WebGL.csproj", "{33E83360-2A3B-1E8C-606F-1732AE9ADDD2}"
EndProject
Global
	GlobalSection(SolutionConfigurationPlatforms) = preSolution
		Debug|Any CPU = Debug|Any CPU
		Release|Any CPU = Release|Any CPU
	EndGlobalSection
	GlobalSection(ProjectConfigurationPlatforms) = postSolution
		{C682205C-A0BF-6AEC-A566-D16D4F73E74D}.Debug|Any CPU.ActiveCfg = Debug|Any CPU
		{C682205C-A0BF-6AEC-A566-D16D4F73E74D}.Debug|Any CPU.Build.0 = Debug|Any CPU
		{C682205C-A0BF-6AEC-A566-D16D4F73E74D}.Release|Any CPU.ActiveCfg = Release|Any CPU
		{C682205C-A0BF-6AEC-A566-D16D4F73E74D}.Release|Any CPU.Build.0 = Release|Any CPU
		{07607A2A-EA93-0B17-570F-989E25935999}.Debug|Any CPU.ActiveCfg = Debug|Any CPU
		{07607A2A-EA93-0B17-570F-989E25935999}.Debug|Any CPU.Build.0 = Debug|Any CPU
		{07607A2A-EA93-0B17-570F-989E25935999}.Release|Any CPU.ActiveCfg = Release|Any CPU
		{07607A2A-EA93-0B17-570F-989E25935999}.Release|Any CPU.Build.0 = Release|Any CPU
		{593D6544-BA5B-215B-E4B3-0C3420F085AB}.Debug|Any CPU.ActiveCfg = Debug|Any CPU
		{593D6544-BA5B-215B-E4B3-0C3420F085AB}.Debug|Any CPU.Build.0 = Debug|Any CPU
		{593D6544-BA5B-215B-E4B3-0C3420F085AB}.Release|Any CPU.ActiveCfg = Release|Any CPU
		{593D6544-BA5B-215B-E4B3-0C3420F085AB}.Release|Any CPU.Build.0 = Release|Any CPU
		{5A75EC70-5DDA-A1DF-76FC-FE572381238B}.Debug|Any CPU.ActiveCfg = Debug|Any CPU
		{5A75EC70-5DDA-A1DF-76FC-FE572381238B}.Debug|Any CPU.Build.0 = Debug|Any CPU
		{5A75EC70-5DDA-A1DF-76FC-FE572381238B}.Release|Any CPU.ActiveCfg = Release|Any CPU
		{5A75EC70-5DDA-A1DF-76FC-FE572381238B}.Release|Any CPU.Build.0 = Release|Any CPU
		{1D1E1D1E-B5C0-845A-FC50-FB72CB200A0A}.Debug|Any CPU.ActiveCfg = Debug|Any CPU
		{1D1E1D1E-B5C0-845A-FC50-FB72CB200A0A}.Debug|Any CPU.Build.0 = Debug|Any CPU
		{1D1E1D1E-B5C0-845A-FC50-FB72CB200A0A}.Release|Any CPU.ActiveCfg = Release|Any CPU
		{1D1E1D1E-B5C0-845A-FC50-FB72CB200A0A}.Release|Any CPU.Build.0 = Release|Any CPU
		{3F5232A3-30FB-E7AF-EED8-2DD7C6625B48}.Debug|Any CPU.ActiveCfg = Debug|Any CPU
		{3F5232A3-30FB-E7AF-EED8-2DD7C6625B48}.Debug|Any CPU.Build.0 = Debug|Any CPU
		{3F5232A3-30FB-E7AF-EED8-2DD7C6625B48}.Release|Any CPU.ActiveCfg = Release|Any CPU
		{3F5232A3-30FB-E7AF-EED8-2DD7C6625B48}.Release|Any CPU.Build.0 = Release|Any CPU
		{18943EF1-66CA-3BF8-50FC-C00C5F8F5E85}.Debug|Any CPU.ActiveCfg = Debug|Any CPU
		{18943EF1-66CA-3BF8-50FC-C00C5F8F5E85}.Debug|Any CPU.Build.0 = Debug|Any CPU
		{18943EF1-66CA-3BF8-50FC-C00C5F8F5E85}.Release|Any CPU.ActiveCfg = Release|Any CPU
		{18943EF1-66CA-3BF8-50FC-C00C5F8F5E85}.Release|Any CPU.Build.0 = Release|Any CPU
		{C32C69F8-ADC5-9AB1-F406-F70420AC718C}.Debug|Any CPU.ActiveCfg = Debug|Any CPU
		{C32C69F8-ADC5-9AB1-F406-F70420AC718C}.Debug|Any CPU.Build.0 = Debug|Any CPU
		{C32C69F8-ADC5-9AB1-F406-F70420AC718C}.Release|Any CPU.ActiveCfg = Release|Any CPU
		{C32C69F8-ADC5-9AB1-F406-F70420AC718C}.Release|Any CPU.Build.0 = Release|Any CPU
		{3FD0D39E-2D10-50D7-34CA-47966B11139E}.Debug|Any CPU.ActiveCfg = Debug|Any CPU
		{3FD0D39E-2D10-50D7-34CA-47966B11139E}.Debug|Any CPU.Build.0 = Debug|Any CPU
		{3FD0D39E-2D10-50D7-34CA-47966B11139E}.Release|Any CPU.ActiveCfg = Release|Any CPU
		{3FD0D39E-2D10-50D7-34CA-47966B11139E}.Release|Any CPU.Build.0 = Release|Any CPU
		{FEBEEE69-5720-67D4-67B8-210A16EF203E}.Debug|Any CPU.ActiveCfg = Debug|Any CPU
		{FEBEEE69-5720-67D4-67B8-210A16EF203E}.Debug|Any CPU.Build.0 = Debug|Any CPU
		{FEBEEE69-5720-67D4-67B8-210A16EF203E}.Release|Any CPU.ActiveCfg = Release|Any CPU
		{FEBEEE69-5720-67D4-67B8-210A16EF203E}.Release|Any CPU.Build.0 = Release|Any CPU
		{1E5BBFD9-4447-E9D2-E071-051A523C36EC}.Debug|Any CPU.ActiveCfg = Debug|Any CPU
		{1E5BBFD9-4447-E9D2-E071-051A523C36EC}.Debug|Any CPU.Build.0 = Debug|Any CPU
		{1E5BBFD9-4447-E9D2-E071-051A523C36EC}.Release|Any CPU.ActiveCfg = Release|Any CPU
		{1E5BBFD9-4447-E9D2-E071-051A523C36EC}.Release|Any CPU.Build.0 = Release|Any CPU
		{AEDF1CC5-3107-34C1-FE31-A0083987F2B0}.Debug|Any CPU.ActiveCfg = Debug|Any CPU
		{AEDF1CC5-3107-34C1-FE31-A0083987F2B0}.Debug|Any CPU.Build.0 = Debug|Any CPU
		{AEDF1CC5-3107-34C1-FE31-A0083987F2B0}.Release|Any CPU.ActiveCfg = Release|Any CPU
		{AEDF1CC5-3107-34C1-FE31-A0083987F2B0}.Release|Any CPU.Build.0 = Release|Any CPU
		{6D8F2EB2-66B6-8345-5738-F902DD577419}.Debug|Any CPU.ActiveCfg = Debug|Any CPU
		{6D8F2EB2-66B6-8345-5738-F902DD577419}.Debug|Any CPU.Build.0 = Debug|Any CPU
		{6D8F2EB2-66B6-8345-5738-F902DD577419}.Release|Any CPU.ActiveCfg = Release|Any CPU
		{6D8F2EB2-66B6-8345-5738-F902DD577419}.Release|Any CPU.Build.0 = Release|Any CPU
		{E029D4F0-2EC5-6F3B-171F-808F8E85DD31}.Debug|Any CPU.ActiveCfg = Debug|Any CPU
		{E029D4F0-2EC5-6F3B-171F-808F8E85DD31}.Debug|Any CPU.Build.0 = Debug|Any CPU
		{E029D4F0-2EC5-6F3B-171F-808F8E85DD31}.Release|Any CPU.ActiveCfg = Release|Any CPU
		{E029D4F0-2EC5-6F3B-171F-808F8E85DD31}.Release|Any CPU.Build.0 = Release|Any CPU
		{5369A078-2230-B737-FF15-444FF8532671}.Debug|Any CPU.ActiveCfg = Debug|Any CPU
		{5369A078-2230-B737-FF15-444FF8532671}.Debug|Any CPU.Build.0 = Debug|Any CPU
		{5369A078-2230-B737-FF15-444FF8532671}.Release|Any CPU.ActiveCfg = Release|Any CPU
		{5369A078-2230-B737-FF15-444FF8532671}.Release|Any CPU.Build.0 = Release|Any CPU
		{FEC886E7-E64E-E7B2-AE9E-D1A29236E4D3}.Debug|Any CPU.ActiveCfg = Debug|Any CPU
		{FEC886E7-E64E-E7B2-AE9E-D1A29236E4D3}.Debug|Any CPU.Build.0 = Debug|Any CPU
		{FEC886E7-E64E-E7B2-AE9E-D1A29236E4D3}.Release|Any CPU.ActiveCfg = Release|Any CPU
		{FEC886E7-E64E-E7B2-AE9E-D1A29236E4D3}.Release|Any CPU.Build.0 = Release|Any CPU
		{3579A39E-F193-C644-D733-3A2EC907B69E}.Debug|Any CPU.ActiveCfg = Debug|Any CPU
		{3579A39E-F193-C644-D733-3A2EC907B69E}.Debug|Any CPU.Build.0 = Debug|Any CPU
		{3579A39E-F193-C644-D733-3A2EC907B69E}.Release|Any CPU.ActiveCfg = Release|Any CPU
		{3579A39E-F193-C644-D733-3A2EC907B69E}.Release|Any CPU.Build.0 = Release|Any CPU
		{3D9A6392-6366-8BB4-8C39-2A9D7418CF17}.Debug|Any CPU.ActiveCfg = Debug|Any CPU
		{3D9A6392-6366-8BB4-8C39-2A9D7418CF17}.Debug|Any CPU.Build.0 = Debug|Any CPU
		{3D9A6392-6366-8BB4-8C39-2A9D7418CF17}.Release|Any CPU.ActiveCfg = Release|Any CPU
		{3D9A6392-6366-8BB4-8C39-2A9D7418CF17}.Release|Any CPU.Build.0 = Release|Any CPU
		{D087B3EE-39FA-0C3B-BC33-9B72EC3DCC4B}.Debug|Any CPU.ActiveCfg = Debug|Any CPU
		{D087B3EE-39FA-0C3B-BC33-9B72EC3DCC4B}.Debug|Any CPU.Build.0 = Debug|Any CPU
		{D087B3EE-39FA-0C3B-BC33-9B72EC3DCC4B}.Release|Any CPU.ActiveCfg = Release|Any CPU
		{D087B3EE-39FA-0C3B-BC33-9B72EC3DCC4B}.Release|Any CPU.Build.0 = Release|Any CPU
		{D1A111E9-D65B-A798-35DF-A70C82CF7A20}.Debug|Any CPU.ActiveCfg = Debug|Any CPU
		{D1A111E9-D65B-A798-35DF-A70C82CF7A20}.Debug|Any CPU.Build.0 = Debug|Any CPU
		{D1A111E9-D65B-A798-35DF-A70C82CF7A20}.Release|Any CPU.ActiveCfg = Release|Any CPU
		{D1A111E9-D65B-A798-35DF-A70C82CF7A20}.Release|Any CPU.Build.0 = Release|Any CPU
		{98F040A4-397A-9739-161B-4E370A40F922}.Debug|Any CPU.ActiveCfg = Debug|Any CPU
		{98F040A4-397A-9739-161B-4E370A40F922}.Debug|Any CPU.Build.0 = Debug|Any CPU
		{98F040A4-397A-9739-161B-4E370A40F922}.Release|Any CPU.ActiveCfg = Release|Any CPU
		{98F040A4-397A-9739-161B-4E370A40F922}.Release|Any CPU.Build.0 = Release|Any CPU
		{01A23107-9517-CDE9-0373-2BB771986FA6}.Debug|Any CPU.ActiveCfg = Debug|Any CPU
		{01A23107-9517-CDE9-0373-2BB771986FA6}.Debug|Any CPU.Build.0 = Debug|Any CPU
		{01A23107-9517-CDE9-0373-2BB771986FA6}.Release|Any CPU.ActiveCfg = Release|Any CPU
		{01A23107-9517-CDE9-0373-2BB771986FA6}.Release|Any CPU.Build.0 = Release|Any CPU
		{B7D0D6E1-97D6-D315-94B5-72DF45ED2CA8}.Debug|Any CPU.ActiveCfg = Debug|Any CPU
		{B7D0D6E1-97D6-D315-94B5-72DF45ED2CA8}.Debug|Any CPU.Build.0 = Debug|Any CPU
		{B7D0D6E1-97D6-D315-94B5-72DF45ED2CA8}.Release|Any CPU.ActiveCfg = Release|Any CPU
		{B7D0D6E1-97D6-D315-94B5-72DF45ED2CA8}.Release|Any CPU.Build.0 = Release|Any CPU
		{DEEDADD0-9E2A-FCF0-1062-9804B0781842}.Debug|Any CPU.ActiveCfg = Debug|Any CPU
		{DEEDADD0-9E2A-FCF0-1062-9804B0781842}.Debug|Any CPU.Build.0 = Debug|Any CPU
		{DEEDADD0-9E2A-FCF0-1062-9804B0781842}.Release|Any CPU.ActiveCfg = Release|Any CPU
		{DEEDADD0-9E2A-FCF0-1062-9804B0781842}.Release|Any CPU.Build.0 = Release|Any CPU
		{373C09AF-2AEE-FD06-FFB1-2C9236D39AC8}.Debug|Any CPU.ActiveCfg = Debug|Any CPU
		{373C09AF-2AEE-FD06-FFB1-2C9236D39AC8}.Debug|Any CPU.Build.0 = Debug|Any CPU
		{373C09AF-2AEE-FD06-FFB1-2C9236D39AC8}.Release|Any CPU.ActiveCfg = Release|Any CPU
		{373C09AF-2AEE-FD06-FFB1-2C9236D39AC8}.Release|Any CPU.Build.0 = Release|Any CPU
		{8D6362D5-D8DA-4692-4D09-09C41CD14D19}.Debug|Any CPU.ActiveCfg = Debug|Any CPU
		{8D6362D5-D8DA-4692-4D09-09C41CD14D19}.Debug|Any CPU.Build.0 = Debug|Any CPU
		{8D6362D5-D8DA-4692-4D09-09C41CD14D19}.Release|Any CPU.ActiveCfg = Release|Any CPU
		{8D6362D5-D8DA-4692-4D09-09C41CD14D19}.Release|Any CPU.Build.0 = Release|Any CPU
		{28DA98B4-9B95-F272-28A4-F5B0267560BB}.Debug|Any CPU.ActiveCfg = Debug|Any CPU
		{28DA98B4-9B95-F272-28A4-F5B0267560BB}.Debug|Any CPU.Build.0 = Debug|Any CPU
		{28DA98B4-9B95-F272-28A4-F5B0267560BB}.Release|Any CPU.ActiveCfg = Release|Any CPU
		{28DA98B4-9B95-F272-28A4-F5B0267560BB}.Release|Any CPU.Build.0 = Release|Any CPU
		{D69EE77D-BD64-FE3A-0F38-E83F90C82B20}.Debug|Any CPU.ActiveCfg = Debug|Any CPU
		{D69EE77D-BD64-FE3A-0F38-E83F90C82B20}.Debug|Any CPU.Build.0 = Debug|Any CPU
		{D69EE77D-BD64-FE3A-0F38-E83F90C82B20}.Release|Any CPU.ActiveCfg = Release|Any CPU
		{D69EE77D-BD64-FE3A-0F38-E83F90C82B20}.Release|Any CPU.Build.0 = Release|Any CPU
		{EC1D0852-572C-DCA3-BDFF-ECF870A6C8E2}.Debug|Any CPU.ActiveCfg = Debug|Any CPU
		{EC1D0852-572C-DCA3-BDFF-ECF870A6C8E2}.Debug|Any CPU.Build.0 = Debug|Any CPU
		{EC1D0852-572C-DCA3-BDFF-ECF870A6C8E2}.Release|Any CPU.ActiveCfg = Release|Any CPU
		{EC1D0852-572C-DCA3-BDFF-ECF870A6C8E2}.Release|Any CPU.Build.0 = Release|Any CPU
		{EC20DC75-0AD9-9ABC-E322-FF67F3DBD788}.Debug|Any CPU.ActiveCfg = Debug|Any CPU
		{EC20DC75-0AD9-9ABC-E322-FF67F3DBD788}.Debug|Any CPU.Build.0 = Debug|Any CPU
		{EC20DC75-0AD9-9ABC-E322-FF67F3DBD788}.Release|Any CPU.ActiveCfg = Release|Any CPU
		{EC20DC75-0AD9-9ABC-E322-FF67F3DBD788}.Release|Any CPU.Build.0 = Release|Any CPU
		{7B029C5A-E66B-4B9C-B580-992186DF58ED}.Debug|Any CPU.ActiveCfg = Debug|Any CPU
		{7B029C5A-E66B-4B9C-B580-992186DF58ED}.Debug|Any CPU.Build.0 = Debug|Any CPU
		{7B029C5A-E66B-4B9C-B580-992186DF58ED}.Release|Any CPU.ActiveCfg = Release|Any CPU
		{7B029C5A-E66B-4B9C-B580-992186DF58ED}.Release|Any CPU.Build.0 = Release|Any CPU
		{5B999C5B-8DCE-161A-664A-71823EDC111A}.Debug|Any CPU.ActiveCfg = Debug|Any CPU
		{5B999C5B-8DCE-161A-664A-71823EDC111A}.Debug|Any CPU.Build.0 = Debug|Any CPU
		{5B999C5B-8DCE-161A-664A-71823EDC111A}.Release|Any CPU.ActiveCfg = Release|Any CPU
		{5B999C5B-8DCE-161A-664A-71823EDC111A}.Release|Any CPU.Build.0 = Release|Any CPU
		{F1C7DBC0-194A-D831-A04E-086A00A9F3F8}.Debug|Any CPU.ActiveCfg = Debug|Any CPU
		{F1C7DBC0-194A-D831-A04E-086A00A9F3F8}.Debug|Any CPU.Build.0 = Debug|Any CPU
		{F1C7DBC0-194A-D831-A04E-086A00A9F3F8}.Release|Any CPU.ActiveCfg = Release|Any CPU
		{F1C7DBC0-194A-D831-A04E-086A00A9F3F8}.Release|Any CPU.Build.0 = Release|Any CPU
		{D0A9649A-8AFD-9C90-71B4-4E98D736643D}.Debug|Any CPU.ActiveCfg = Debug|Any CPU
		{D0A9649A-8AFD-9C90-71B4-4E98D736643D}.Debug|Any CPU.Build.0 = Debug|Any CPU
		{D0A9649A-8AFD-9C90-71B4-4E98D736643D}.Release|Any CPU.ActiveCfg = Release|Any CPU
		{D0A9649A-8AFD-9C90-71B4-4E98D736643D}.Release|Any CPU.Build.0 = Release|Any CPU
		{98ECEC8D-4E4D-A159-B5DB-4BCCBFD4CF75}.Debug|Any CPU.ActiveCfg = Debug|Any CPU
		{98ECEC8D-4E4D-A159-B5DB-4BCCBFD4CF75}.Debug|Any CPU.Build.0 = Debug|Any CPU
		{98ECEC8D-4E4D-A159-B5DB-4BCCBFD4CF75}.Release|Any CPU.ActiveCfg = Release|Any CPU
		{98ECEC8D-4E4D-A159-B5DB-4BCCBFD4CF75}.Release|Any CPU.Build.0 = Release|Any CPU
		{86086938-ECA8-87F1-50BC-EFAAF3FE0D80}.Debug|Any CPU.ActiveCfg = Debug|Any CPU
		{86086938-ECA8-87F1-50BC-EFAAF3FE0D80}.Debug|Any CPU.Build.0 = Debug|Any CPU
		{86086938-ECA8-87F1-50BC-EFAAF3FE0D80}.Release|Any CPU.ActiveCfg = Release|Any CPU
		{86086938-ECA8-87F1-50BC-EFAAF3FE0D80}.Release|Any CPU.Build.0 = Release|Any CPU
		{9CA40084-E2E6-491B-45D2-F4E4484003AD}.Debug|Any CPU.ActiveCfg = Debug|Any CPU
		{9CA40084-E2E6-491B-45D2-F4E4484003AD}.Debug|Any CPU.Build.0 = Debug|Any CPU
		{9CA40084-E2E6-491B-45D2-F4E4484003AD}.Release|Any CPU.ActiveCfg = Release|Any CPU
		{9CA40084-E2E6-491B-45D2-F4E4484003AD}.Release|Any CPU.Build.0 = Release|Any CPU
		{AEA7E5AB-6B39-D6A3-C62F-67D4F1756473}.Debug|Any CPU.ActiveCfg = Debug|Any CPU
		{AEA7E5AB-6B39-D6A3-C62F-67D4F1756473}.Debug|Any CPU.Build.0 = Debug|Any CPU
		{AEA7E5AB-6B39-D6A3-C62F-67D4F1756473}.Release|Any CPU.ActiveCfg = Release|Any CPU
		{AEA7E5AB-6B39-D6A3-C62F-67D4F1756473}.Release|Any CPU.Build.0 = Release|Any CPU
		{9F583AFA-8B03-AC50-015A-BB7A9C6B8F3B}.Debug|Any CPU.ActiveCfg = Debug|Any CPU
		{9F583AFA-8B03-AC50-015A-BB7A9C6B8F3B}.Debug|Any CPU.Build.0 = Debug|Any CPU
		{9F583AFA-8B03-AC50-015A-BB7A9C6B8F3B}.Release|Any CPU.ActiveCfg = Release|Any CPU
		{9F583AFA-8B03-AC50-015A-BB7A9C6B8F3B}.Release|Any CPU.Build.0 = Release|Any CPU
		{954550E9-502A-CD81-C5C8-88C2043CB38F}.Debug|Any CPU.ActiveCfg = Debug|Any CPU
		{954550E9-502A-CD81-C5C8-88C2043CB38F}.Debug|Any CPU.Build.0 = Debug|Any CPU
		{954550E9-502A-CD81-C5C8-88C2043CB38F}.Release|Any CPU.ActiveCfg = Release|Any CPU
		{954550E9-502A-CD81-C5C8-88C2043CB38F}.Release|Any CPU.Build.0 = Release|Any CPU
		{6D887E21-FF7F-0C74-0AC8-4089699B27D7}.Debug|Any CPU.ActiveCfg = Debug|Any CPU
		{6D887E21-FF7F-0C74-0AC8-4089699B27D7}.Debug|Any CPU.Build.0 = Debug|Any CPU
		{6D887E21-FF7F-0C74-0AC8-4089699B27D7}.Release|Any CPU.ActiveCfg = Release|Any CPU
		{6D887E21-FF7F-0C74-0AC8-4089699B27D7}.Release|Any CPU.Build.0 = Release|Any CPU
		{372899AD-5F7B-3ACF-17DA-A0C04083F34B}.Debug|Any CPU.ActiveCfg = Debug|Any CPU
		{372899AD-5F7B-3ACF-17DA-A0C04083F34B}.Debug|Any CPU.Build.0 = Debug|Any CPU
		{372899AD-5F7B-3ACF-17DA-A0C04083F34B}.Release|Any CPU.ActiveCfg = Release|Any CPU
		{372899AD-5F7B-3ACF-17DA-A0C04083F34B}.Release|Any CPU.Build.0 = Release|Any CPU
		{B971132D-0A95-C1E0-F001-03CED9625A7C}.Debug|Any CPU.ActiveCfg = Debug|Any CPU
		{B971132D-0A95-C1E0-F001-03CED9625A7C}.Debug|Any CPU.Build.0 = Debug|Any CPU
		{B971132D-0A95-C1E0-F001-03CED9625A7C}.Release|Any CPU.ActiveCfg = Release|Any CPU
		{B971132D-0A95-C1E0-F001-03CED9625A7C}.Release|Any CPU.Build.0 = Release|Any CPU
		{28343213-BB87-40EC-5214-70FB5E79C085}.Debug|Any CPU.ActiveCfg = Debug|Any CPU
		{28343213-BB87-40EC-5214-70FB5E79C085}.Debug|Any CPU.Build.0 = Debug|Any CPU
		{28343213-BB87-40EC-5214-70FB5E79C085}.Release|Any CPU.ActiveCfg = Release|Any CPU
		{28343213-BB87-40EC-5214-70FB5E79C085}.Release|Any CPU.Build.0 = Release|Any CPU
		{7D28CE2F-B21F-B70D-2933-C0B83EF7CFED}.Debug|Any CPU.ActiveCfg = Debug|Any CPU
		{7D28CE2F-B21F-B70D-2933-C0B83EF7CFED}.Debug|Any CPU.Build.0 = Debug|Any CPU
		{7D28CE2F-B21F-B70D-2933-C0B83EF7CFED}.Release|Any CPU.ActiveCfg = Release|Any CPU
		{7D28CE2F-B21F-B70D-2933-C0B83EF7CFED}.Release|Any CPU.Build.0 = Release|Any CPU
		{56602A69-9156-3660-B079-B95AE1AB8433}.Debug|Any CPU.ActiveCfg = Debug|Any CPU
		{56602A69-9156-3660-B079-B95AE1AB8433}.Debug|Any CPU.Build.0 = Debug|Any CPU
		{56602A69-9156-3660-B079-B95AE1AB8433}.Release|Any CPU.ActiveCfg = Release|Any CPU
		{56602A69-9156-3660-B079-B95AE1AB8433}.Release|Any CPU.Build.0 = Release|Any CPU
		{615B8DF0-924C-5EF9-485D-3C70AFEBF0C8}.Debug|Any CPU.ActiveCfg = Debug|Any CPU
		{615B8DF0-924C-5EF9-485D-3C70AFEBF0C8}.Debug|Any CPU.Build.0 = Debug|Any CPU
		{615B8DF0-924C-5EF9-485D-3C70AFEBF0C8}.Release|Any CPU.ActiveCfg = Release|Any CPU
		{615B8DF0-924C-5EF9-485D-3C70AFEBF0C8}.Release|Any CPU.Build.0 = Release|Any CPU
		{E931DC74-7B0D-61D8-66F2-3DCF24F406DB}.Debug|Any CPU.ActiveCfg = Debug|Any CPU
		{E931DC74-7B0D-61D8-66F2-3DCF24F406DB}.Debug|Any CPU.Build.0 = Debug|Any CPU
		{E931DC74-7B0D-61D8-66F2-3DCF24F406DB}.Release|Any CPU.ActiveCfg = Release|Any CPU
		{E931DC74-7B0D-61D8-66F2-3DCF24F406DB}.Release|Any CPU.Build.0 = Release|Any CPU
		{5A7C33E8-0B8F-DCDC-58AE-8636536A98A2}.Debug|Any CPU.ActiveCfg = Debug|Any CPU
		{5A7C33E8-0B8F-DCDC-58AE-8636536A98A2}.Debug|Any CPU.Build.0 = Debug|Any CPU
		{5A7C33E8-0B8F-DCDC-58AE-8636536A98A2}.Release|Any CPU.ActiveCfg = Release|Any CPU
		{5A7C33E8-0B8F-DCDC-58AE-8636536A98A2}.Release|Any CPU.Build.0 = Release|Any CPU
		{316982F3-72C4-3774-A5B4-F9DED6DC3A22}.Debug|Any CPU.ActiveCfg = Debug|Any CPU
		{316982F3-72C4-3774-A5B4-F9DED6DC3A22}.Debug|Any CPU.Build.0 = Debug|Any CPU
		{316982F3-72C4-3774-A5B4-F9DED6DC3A22}.Release|Any CPU.ActiveCfg = Release|Any CPU
		{316982F3-72C4-3774-A5B4-F9DED6DC3A22}.Release|Any CPU.Build.0 = Release|Any CPU
		{F52418E9-2EDE-4289-4EE8-BA2F8C690257}.Debug|Any CPU.ActiveCfg = Debug|Any CPU
		{F52418E9-2EDE-4289-4EE8-BA2F8C690257}.Debug|Any CPU.Build.0 = Debug|Any CPU
		{F52418E9-2EDE-4289-4EE8-BA2F8C690257}.Release|Any CPU.ActiveCfg = Release|Any CPU
		{F52418E9-2EDE-4289-4EE8-BA2F8C690257}.Release|Any CPU.Build.0 = Release|Any CPU
		{F90B0D75-7136-A28B-D7E7-7302895A11DF}.Debug|Any CPU.ActiveCfg = Debug|Any CPU
		{F90B0D75-7136-A28B-D7E7-7302895A11DF}.Debug|Any CPU.Build.0 = Debug|Any CPU
		{F90B0D75-7136-A28B-D7E7-7302895A11DF}.Release|Any CPU.ActiveCfg = Release|Any CPU
		{F90B0D75-7136-A28B-D7E7-7302895A11DF}.Release|Any CPU.Build.0 = Release|Any CPU
		{11C300E9-2243-ACB4-B507-FF9B6ECA0533}.Debug|Any CPU.ActiveCfg = Debug|Any CPU
		{11C300E9-2243-ACB4-B507-FF9B6ECA0533}.Debug|Any CPU.Build.0 = Debug|Any CPU
		{11C300E9-2243-ACB4-B507-FF9B6ECA0533}.Release|Any CPU.ActiveCfg = Release|Any CPU
		{11C300E9-2243-ACB4-B507-FF9B6ECA0533}.Release|Any CPU.Build.0 = Release|Any CPU
		{33E83360-2A3B-1E8C-606F-1732AE9ADDD2}.Debug|Any CPU.ActiveCfg = Debug|Any CPU
		{33E83360-2A3B-1E8C-606F-1732AE9ADDD2}.Debug|Any CPU.Build.0 = Debug|Any CPU
		{33E83360-2A3B-1E8C-606F-1732AE9ADDD2}.Release|Any CPU.ActiveCfg = Release|Any CPU
		{33E83360-2A3B-1E8C-606F-1732AE9ADDD2}.Release|Any CPU.Build.0 = Release|Any CPU
	EndGlobalSection
	GlobalSection(SolutionProperties) = preSolution
		HideSolutionNode = FALSE
	EndGlobalSection
EndGlobal
